<?xml version="1.0" encoding="UTF-8" standalone="yes" ?>
<CodeBlocks_project_file>
	<FileVersion major="1" minor="6" />
	<Project>
		<Option title="pw3270 HLLAPI v5.1 compatibility plugin" />
		<Option makefile_is_custom="1" />
		<Option pch_mode="2" />
		<Option compiler="gcc" />
		<Build>
			<Target title="Debug">
				<Option output=".bin/Debug/ipc3270c" prefix_auto="1" extension_auto="1" />
				<Option object_output=".obj/Debug/" />
				<Option type="1" />
				<Option compiler="gcc" />
				<Compiler>
					<Add option="-g" />
				</Compiler>
			</Target>
			<Target title="Release">
				<Option output=".bin/Release/ipc3270c" prefix_auto="1" extension_auto="1" />
				<Option object_output=".obj/Release/" />
				<Option type="1" />
				<Option compiler="gcc" />
				<Compiler>
					<Add option="-O2" />
				</Compiler>
				<Linker>
					<Add option="-s" />
				</Linker>
			</Target>
		</Build>
		<Compiler>
			<Add option="-Wall" />
		</Compiler>
		<Unit filename="src/daemon/linux/daemon.c">
			<Option compilerVar="CC" />
		</Unit>
		<Unit filename="src/daemon/linux/iocallback.c">
			<Option compilerVar="CC" />
		</Unit>
		<Unit filename="src/hllapi/calls.cc" />
		<Unit filename="src/hllapi/client.h" />
		<Unit filename="src/hllapi/hllapi.c">
			<Option compilerVar="CC" />
		</Unit>
		<Unit filename="src/hllapi/remotectl.h" />
		<Unit filename="src/include/config.h" />
		<Unit filename="src/include/dbus-glue.h" />
		<Unit filename="src/ipc3270c/linux/daemon.h" />
		<Unit filename="src/ipc3270c/linux/globals.h" />
		<Unit filename="src/ipc3270c/linux/gobject.c">
			<Option compilerVar="CC" />
		</Unit>
		<Unit filename="src/ipc3270c/linux/main.c">
			<Option compilerVar="CC" />
		</Unit>
		<Unit filename="src/ipc3270c/linux/misc.c">
			<Option compilerVar="CC" />
		</Unit>
		<Unit filename="src/ipc3270c/linux/service.h" />
		<Unit filename="src/ipc3270c/windows/main.c">
			<Option compilerVar="CC" />
		</Unit>
		<Unit filename="src/ipc3270c/windows/private.h" />
		<Unit filename="src/ipc3270c/windows/resources.rc" />
		<Unit filename="src/plugin/windows/private.h" />
		<Unit filename="src/plugin/windows/resources.rc" />
		<Unit filename="src/testprograms/hllapi.c">
			<Option compilerVar="CC" />
		</Unit>
		<Unit filename="src/testprograms/ipc3270c.c">
			<Option compilerVar="CC" />
		</Unit>
		<Extensions>
			<code_completion />
			<envvars />
			<debugger />
			<lib_finder disable_auto="1" />
		</Extensions>
	</Project>
</CodeBlocks_project_file>
